
Microsoft Visual Studio Solution File, Format Version 12.00
# Visual Studio Version 17
VisualStudioVersion = 17.0.31612.314
MinimumVisualStudioVersion = 10.0.40219.1
Project("{9A19103F-16F7-4668-BE54-9A1E7A4F7556}") = "simplify", "simplify.csproj", "{ED469151-7300-41E5-B5F2-1C1633FD9BE9}"
EndProject
Project("{2150E333-8FDC-42A3-9474-1A3956D46DE8}") = "Solution Items", "Solution Items", "{46270F33-0EE1-42D1-9D2F-241459684910}"
	ProjectSection(SolutionItems) = preProject
		.editorconfig = .editorconfig
	EndProjectSection
EndProject
Global
	GlobalSection(SolutionConfigurationPlatforms) = preSolution
		Debug|Any CPU = Debug|Any CPU
		Release|Any CPU = Release|Any CPU
	EndGlobalSection
	GlobalSection(ProjectConfigurationPlatforms) = postSolution
		{ED469151-7300-41E5-B5F2-1C1633FD9BE9}.Debug|Any CPU.ActiveCfg = Debug|Any CPU
		{ED469151-7300-41E5-B5F2-1C1633FD9BE9}.Debug|Any CPU.Build.0 = Debug|Any CPU
		{ED469151-7300-41E5-B5F2-1C1633FD9BE9}.Release|Any CPU.ActiveCfg = Release|Any CPU
		{ED469151-7300-41E5-B5F2-1C1633FD9BE9}.Release|Any CPU.Build.0 = Release|Any CPU
	EndGlobalSection
	GlobalSection(SolutionProperties) = preSolution
		HideSolutionNode = FALSE
	EndGlobalSection
	GlobalSection(ExtensibilityGlobals) = postSolution
		SolutionGuid = {C60E1861-7EB0-4EE2-B4A7-22F5FBC8D7BE}
	EndGlobalSection
EndGlobal
